
Microsoft Visual Studio Solution File, Format Version 12.00
# Visual Studio Version 16
VisualStudioVersion = 16.0.29306.81
MinimumVisualStudioVersion = 10.0.40219.1
Project("{FAE04EC0-301F-11D3-BF4B-00C04F79EFBC}") = "Wesley.Midterm3", "Wesley.Midterm3.csproj", "{62724F3B-A6C4-4DEF-AB6E-0824443EDDFE}"
EndProject
Global
	GlobalSection(SolutionConfigurationPlatforms) = preSolution
		Debug|Any CPU = Debug|Any CPU
		Release|Any CPU = Release|Any CPU
	EndGlobalSection
	GlobalSection(ProjectConfigurationPlatforms) = postSolution
		{62724F3B-A6C4-4DEF-AB6E-0824443EDDFE}.Debug|Any CPU.ActiveCfg = Debug|Any CPU
		{62724F3B-A6C4-4DEF-AB6E-0824443EDDFE}.Debug|Any CPU.Build.0 = Debug|Any CPU
		{62724F3B-A6C4-4DEF-AB6E-0824443EDDFE}.Release|Any CPU.ActiveCfg = Release|Any CPU
		{62724F3B-A6C4-4DEF-AB6E-0824443EDDFE}.Release|Any CPU.Build.0 = Release|Any CPU
	EndGlobalSection
	GlobalSection(SolutionProperties) = preSolution
		HideSolutionNode = FALSE
	EndGlobalSection
	GlobalSection(ExtensibilityGlobals) = postSolution
		SolutionGuid = {600CBE55-166B-4816-B260-58EA2124E2B5}
	EndGlobalSection
EndGlobal
